
Microsoft Visual Studio Solution File, Format Version 12.00
# Visual Studio 15
VisualStudioVersion = 15.0.26124.0
MinimumVisualStudioVersion = 15.0.26124.0
Project("{FAE04EC0-301F-11D3-BF4B-00C04F79EFBC}") = "Models", "Models\Models.csproj", "{C4187A77-B825-4F95-B1AC-0BE24E30F39E}"
EndProject
Project("{FAE04EC0-301F-11D3-BF4B-00C04F79EFBC}") = "Blazor.Client", "Blazor.Client\Blazor.Client.csproj", "{BBFD34D9-9438-433F-83E0-880335C5773F}"
EndProject
Project("{FAE04EC0-301F-11D3-BF4B-00C04F79EFBC}") = "API", "API\API.csproj", "{CE08F5BA-186E-4FE8-9E3D-ED5C23751831}"
EndProject
Global
	GlobalSection(SolutionConfigurationPlatforms) = preSolution
		Debug|Any CPU = Debug|Any CPU
		Debug|x64 = Debug|x64
		Debug|x86 = Debug|x86
		Release|Any CPU = Release|Any CPU
		Release|x64 = Release|x64
		Release|x86 = Release|x86
	EndGlobalSection
	GlobalSection(SolutionProperties) = preSolution
		HideSolutionNode = FALSE
	EndGlobalSection
	GlobalSection(ProjectConfigurationPlatforms) = postSolution
		{C4187A77-B825-4F95-B1AC-0BE24E30F39E}.Debug|Any CPU.ActiveCfg = Debug|Any CPU
		{C4187A77-B825-4F95-B1AC-0BE24E30F39E}.Debug|Any CPU.Build.0 = Debug|Any CPU
		{C4187A77-B825-4F95-B1AC-0BE24E30F39E}.Debug|x64.ActiveCfg = Debug|Any CPU
		{C4187A77-B825-4F95-B1AC-0BE24E30F39E}.Debug|x64.Build.0 = Debug|Any CPU
		{C4187A77-B825-4F95-B1AC-0BE24E30F39E}.Debug|x86.ActiveCfg = Debug|Any CPU
		{C4187A77-B825-4F95-B1AC-0BE24E30F39E}.Debug|x86.Build.0 = Debug|Any CPU
		{C4187A77-B825-4F95-B1AC-0BE24E30F39E}.Release|Any CPU.ActiveCfg = Release|Any CPU
		{C4187A77-B825-4F95-B1AC-0BE24E30F39E}.Release|Any CPU.Build.0 = Release|Any CPU
		{C4187A77-B825-4F95-B1AC-0BE24E30F39E}.Release|x64.ActiveCfg = Release|Any CPU
		{C4187A77-B825-4F95-B1AC-0BE24E30F39E}.Release|x64.Build.0 = Release|Any CPU
		{C4187A77-B825-4F95-B1AC-0BE24E30F39E}.Release|x86.ActiveCfg = Release|Any CPU
		{C4187A77-B825-4F95-B1AC-0BE24E30F39E}.Release|x86.Build.0 = Release|Any CPU
		{BBFD34D9-9438-433F-83E0-880335C5773F}.Debug|Any CPU.ActiveCfg = Debug|Any CPU
		{BBFD34D9-9438-433F-83E0-880335C5773F}.Debug|Any CPU.Build.0 = Debug|Any CPU
		{BBFD34D9-9438-433F-83E0-880335C5773F}.Debug|x64.ActiveCfg = Debug|Any CPU
		{BBFD34D9-9438-433F-83E0-880335C5773F}.Debug|x64.Build.0 = Debug|Any CPU
		{BBFD34D9-9438-433F-83E0-880335C5773F}.Debug|x86.ActiveCfg = Debug|Any CPU
		{BBFD34D9-9438-433F-83E0-880335C5773F}.Debug|x86.Build.0 = Debug|Any CPU
		{BBFD34D9-9438-433F-83E0-880335C5773F}.Release|Any CPU.ActiveCfg = Release|Any CPU
		{BBFD34D9-9438-433F-83E0-880335C5773F}.Release|Any CPU.Build.0 = Release|Any CPU
		{BBFD34D9-9438-433F-83E0-880335C5773F}.Release|x64.ActiveCfg = Release|Any CPU
		{BBFD34D9-9438-433F-83E0-880335C5773F}.Release|x64.Build.0 = Release|Any CPU
		{BBFD34D9-9438-433F-83E0-880335C5773F}.Release|x86.ActiveCfg = Release|Any CPU
		{BBFD34D9-9438-433F-83E0-880335C5773F}.Release|x86.Build.0 = Release|Any CPU
		{CE08F5BA-186E-4FE8-9E3D-ED5C23751831}.Debug|Any CPU.ActiveCfg = Debug|Any CPU
		{CE08F5BA-186E-4FE8-9E3D-ED5C23751831}.Debug|Any CPU.Build.0 = Debug|Any CPU
		{CE08F5BA-186E-4FE8-9E3D-ED5C23751831}.Debug|x64.ActiveCfg = Debug|Any CPU
		{CE08F5BA-186E-4FE8-9E3D-ED5C23751831}.Debug|x64.Build.0 = Debug|Any CPU
		{CE08F5BA-186E-4FE8-9E3D-ED5C23751831}.Debug|x86.ActiveCfg = Debug|Any CPU
		{CE08F5BA-186E-4FE8-9E3D-ED5C23751831}.Debug|x86.Build.0 = Debug|Any CPU
		{CE08F5BA-186E-4FE8-9E3D-ED5C23751831}.Release|Any CPU.ActiveCfg = Release|Any CPU
		{CE08F5BA-186E-4FE8-9E3D-ED5C23751831}.Release|Any CPU.Build.0 = Release|Any CPU
		{CE08F5BA-186E-4FE8-9E3D-ED5C23751831}.Release|x64.ActiveCfg = Release|Any CPU
		{CE08F5BA-186E-4FE8-9E3D-ED5C23751831}.Release|x64.Build.0 = Release|Any CPU
		{CE08F5BA-186E-4FE8-9E3D-ED5C23751831}.Release|x86.ActiveCfg = Release|Any CPU
		{CE08F5BA-186E-4FE8-9E3D-ED5C23751831}.Release|x86.Build.0 = Release|Any CPU
	EndGlobalSection
EndGlobal
